
Microsoft Visual Studio Solution File, Format Version 12.00
# Visual Studio 15
VisualStudioVersion = 15.0.28307.1831
MinimumVisualStudioVersion = 10.0.40219.1
Project("{FAE04EC0-301F-11D3-BF4B-00C04F79EFBC}") = "SprzątanieGrafikPracy", "SprzątanieGrafikPracy\SprzątanieGrafikPracy.csproj", "{58576DB9-5BAA-443C-824B-07E23357061E}"
EndProject
Global
	GlobalSection(SolutionConfigurationPlatforms) = preSolution
		Debug|Any CPU = Debug|Any CPU
		Release|Any CPU = Release|Any CPU
	EndGlobalSection
	GlobalSection(ProjectConfigurationPlatforms) = postSolution
		{58576DB9-5BAA-443C-824B-07E23357061E}.Debug|Any CPU.ActiveCfg = Debug|Any CPU
		{58576DB9-5BAA-443C-824B-07E23357061E}.Debug|Any CPU.Build.0 = Debug|Any CPU
		{58576DB9-5BAA-443C-824B-07E23357061E}.Release|Any CPU.ActiveCfg = Release|Any CPU
		{58576DB9-5BAA-443C-824B-07E23357061E}.Release|Any CPU.Build.0 = Release|Any CPU
	EndGlobalSection
	GlobalSection(SolutionProperties) = preSolution
		HideSolutionNode = FALSE
	EndGlobalSection
	GlobalSection(ExtensibilityGlobals) = postSolution
		SolutionGuid = {19290665-81B6-477E-A355-8C6B7A30ADE0}
	EndGlobalSection
EndGlobal
